// !$*UTF8*$!
{
	archiveVersion = 1;
	classes = {
	};
	objectVersion = 50;
	objects = {

/* Begin PBXBuildFile section */
		7D137195226B12D9006CA762 /* Item.swift in Sources */ = {isa = PBXBuildFile; fileRef = 7D137194226B12D9006CA762 /* Item.swift */; };
		7D137197226B12E4006CA762 /* Category.swift in Sources */ = {isa = PBXBuildFile; fileRef = 7D137196226B12E4006CA762 /* Category.swift */; };
		7D137199226B7494006CA762 /* SwipeTableViewController.swift in Sources */ = {isa = PBXBuildFile; fileRef = 7D137198226B7494006CA762 /* SwipeTableViewController.swift */; };
		7D684F5D226469C9003FCB4A /* CategoriesTableViewController.swift in Sources */ = {isa = PBXBuildFile; fileRef = 7D684F5C226469C9003FCB4A /* CategoriesTableViewController.swift */; };
		7DFEADFE225B9F18009FE5A1 /* AppDelegate.swift in Sources */ = {isa = PBXBuildFile; fileRef = 7DFEADFD225B9F18009FE5A1 /* AppDelegate.swift */; };
		7DFEAE00225B9F18009FE5A1 /* TodoListTableViewController.swift in Sources */ = {isa = PBXBuildFile; fileRef = 7DFEADFF225B9F18009FE5A1 /* TodoListTableViewController.swift */; };
		7DFEAE03225B9F18009FE5A1 /* Main.storyboard in Resources */ = {isa = PBXBuildFile; fileRef = 7DFEAE01225B9F18009FE5A1 /* Main.storyboard */; };
		7DFEAE05225B9F1B009FE5A1 /* Assets.xcassets in Resources */ = {isa = PBXBuildFile; fileRef = 7DFEAE04225B9F1B009FE5A1 /* Assets.xcassets */; };
		7DFEAE08225B9F1B009FE5A1 /* LaunchScreen.storyboard in Resources */ = {isa = PBXBuildFile; fileRef = 7DFEAE06225B9F1B009FE5A1 /* LaunchScreen.storyboard */; };
		C14F63B9822E80AE2E661236 /* Pods_Todoey.framework in Frameworks */ = {isa = PBXBuildFile; fileRef = 2216E06E8C018985044428D1 /* Pods_Todoey.framework */; };
/* End PBXBuildFile section */

/* Begin PBXFileReference section */
		02E67E5B17833D2C5B36E04C /* Pods-Todoey.debug.xcconfig */ = {isa = PBXFileReference; includeInIndex = 1; lastKnownFileType = text.xcconfig; name = "Pods-Todoey.debug.xcconfig"; path = "Target Support Files/Pods-Todoey/Pods-Todoey.debug.xcconfig"; sourceTree = "<group>"; };
		2216E06E8C018985044428D1 /* Pods_Todoey.framework */ = {isa = PBXFileReference; explicitFileType = wrapper.framework; includeInIndex = 0; path = Pods_Todoey.framework; sourceTree = BUILT_PRODUCTS_DIR; };
		5F32428C42383602B2EE9974 /* Pods-Todoey.release.xcconfig */ = {isa = PBXFileReference; includeInIndex = 1; lastKnownFileType = text.xcconfig; name = "Pods-Todoey.release.xcconfig"; path = "Target Support Files/Pods-Todoey/Pods-Todoey.release.xcconfig"; sourceTree = "<group>"; };
		7D137194226B12D9006CA762 /* Item.swift */ = {isa = PBXFileReference; lastKnownFileType = sourcecode.swift; path = Item.swift; sourceTree = "<group>"; };
		7D137196226B12E4006CA762 /* Category.swift */ = {isa = PBXFileReference; lastKnownFileType = sourcecode.swift; path = Category.swift; sourceTree = "<group>"; };
		7D137198226B7494006CA762 /* SwipeTableViewController.swift */ = {isa = PBXFileReference; lastKnownFileType = sourcecode.swift; path = SwipeTableViewController.swift; sourceTree = "<group>"; };
		7D684F5C226469C9003FCB4A /* CategoriesTableViewController.swift */ = {isa = PBXFileReference; lastKnownFileType = sourcecode.swift; path = CategoriesTableViewController.swift; sourceTree = "<group>"; };
		7DFEADFA225B9F18009FE5A1 /* Todoey.app */ = {isa = PBXFileReference; explicitFileType = wrapper.application; includeInIndex = 0; path = Todoey.app; sourceTree = BUILT_PRODUCTS_DIR; };
		7DFEADFD225B9F18009FE5A1 /* AppDelegate.swift */ = {isa = PBXFileReference; lastKnownFileType = sourcecode.swift; path = AppDelegate.swift; sourceTree = "<group>"; };
		7DFEADFF225B9F18009FE5A1 /* TodoListTableViewController.swift */ = {isa = PBXFileReference; lastKnownFileType = sourcecode.swift; path = TodoListTableViewController.swift; sourceTree = "<group>"; };
		7DFEAE02225B9F18009FE5A1 /* Base */ = {isa = PBXFileReference; lastKnownFileType = file.storyboard; name = Base; path = Base.lproj/Main.storyboard; sourceTree = "<group>"; };
		7DFEAE04225B9F1B009FE5A1 /* Assets.xcassets */ = {isa = PBXFileReference; lastKnownFileType = folder.assetcatalog; path = Assets.xcassets; sourceTree = "<group>"; };
		7DFEAE07225B9F1B009FE5A1 /* Base */ = {isa = PBXFileReference; lastKnownFileType = file.storyboard; name = Base; path = Base.lproj/LaunchScreen.storyboard; sourceTree = "<group>"; };
		7DFEAE09225B9F1B009FE5A1 /* Info.plist */ = {isa = PBXFileReference; lastKnownFileType = text.plist.xml; path = Info.plist; sourceTree = "<group>"; };
/* End PBXFileReference section */

/* Begin PBXFrameworksBuildPhase section */
		7DFEADF7225B9F18009FE5A1 /* Frameworks */ = {
			isa = PBXFrameworksBuildPhase;
			buildActionMask = 2147483647;
			files = (
				C14F63B9822E80AE2E661236 /* Pods_Todoey.framework in Frameworks */,
			);
			runOnlyForDeploymentPostprocessing = 0;
		};
/* End PBXFrameworksBuildPhase section */

/* Begin PBXGroup section */
		2786AE17CC35627686416265 /* Frameworks */ = {
			isa = PBXGroup;
			children = (
				2216E06E8C018985044428D1 /* Pods_Todoey.framework */,
			);
			name = Frameworks;
			sourceTree = "<group>";
		};
		6E0507AD91D6AF2A2B6E4471 /* Pods */ = {
			isa = PBXGroup;
			children = (
				02E67E5B17833D2C5B36E04C /* Pods-Todoey.debug.xcconfig */,
				5F32428C42383602B2EE9974 /* Pods-Todoey.release.xcconfig */,
			);
			path = Pods;
			sourceTree = "<group>";
		};
		7D25DF25225CDE9A006E542C /* Data Model */ = {
			isa = PBXGroup;
			children = (
				7D137196226B12E4006CA762 /* Category.swift */,
				7D137194226B12D9006CA762 /* Item.swift */,
			);
			path = "Data Model";
			sourceTree = "<group>";
		};
		7D25DF26225CDEBB006E542C /* Controllers */ = {
			isa = PBXGroup;
			children = (
				7DFEADFD225B9F18009FE5A1 /* AppDelegate.swift */,
				7D137198226B7494006CA762 /* SwipeTableViewController.swift */,
				7D684F5C226469C9003FCB4A /* CategoriesTableViewController.swift */,
				7DFEADFF225B9F18009FE5A1 /* TodoListTableViewController.swift */,
			);
			path = Controllers;
			sourceTree = "<group>";
		};
		7D25DF27225CDEF1006E542C /* Views */ = {
			isa = PBXGroup;
			children = (
				7DFEAE01225B9F18009FE5A1 /* Main.storyboard */,
			);
			path = Views;
			sourceTree = "<group>";
		};
		7D25DF28225CDF04006E542C /* Supporting FIles */ = {
			isa = PBXGroup;
			children = (
				7DFEAE04225B9F1B009FE5A1 /* Assets.xcassets */,
				7DFEAE06225B9F1B009FE5A1 /* LaunchScreen.storyboard */,
			);
			name = "Supporting FIles";
			path = "New Group";
			sourceTree = "<group>";
		};
		7DFEADF1225B9F18009FE5A1 = {
			isa = PBXGroup;
			children = (
				7DFEADFC225B9F18009FE5A1 /* Todoey */,
				7DFEADFB225B9F18009FE5A1 /* Products */,
				6E0507AD91D6AF2A2B6E4471 /* Pods */,
				2786AE17CC35627686416265 /* Frameworks */,
			);
			sourceTree = "<group>";
		};
		7DFEADFB225B9F18009FE5A1 /* Products */ = {
			isa = PBXGroup;
			children = (
				7DFEADFA225B9F18009FE5A1 /* Todoey.app */,
			);
			name = Products;
			sourceTree = "<group>";
		};
		7DFEADFC225B9F18009FE5A1 /* Todoey */ = {
			isa = PBXGroup;
			children = (
				7D25DF25225CDE9A006E542C /* Data Model */,
				7D25DF27225CDEF1006E542C /* Views */,
				7D25DF26225CDEBB006E542C /* Controllers */,
				7D25DF28225CDF04006E542C /* Supporting FIles */,
				7DFEAE09225B9F1B009FE5A1 /* Info.plist */,
			);
			path = Todoey;
			sourceTree = "<group>";
		};
/* End PBXGroup section */

/* Begin PBXNativeTarget section */
		7DFEADF9225B9F18009FE5A1 /* Todoey */ = {
			isa = PBXNativeTarget;
			buildConfigurationList = 7DFEAE0C225B9F1B009FE5A1 /* Build configuration list for PBXNativeTarget "Todoey" */;
			buildPhases = (
				02640E938BF050D3D1C0FBF0 /* [CP] Check Pods Manifest.lock */,
				7DFEADF6225B9F18009FE5A1 /* Sources */,
				7DFEADF7225B9F18009FE5A1 /* Frameworks */,
				7DFEADF8225B9F18009FE5A1 /* Resources */,
				866736A137E462CFD23F0D17 /* [CP] Embed Pods Frameworks */,
			);
			buildRules = (
			);
			dependencies = (
			);
			name = Todoey;
			productName = Todoey;
			productReference = 7DFEADFA225B9F18009FE5A1 /* Todoey.app */;
			productType = "com.apple.product-type.application";
		};
/* End PBXNativeTarget section */

/* Begin PBXProject section */
		7DFEADF2225B9F18009FE5A1 /* Project object */ = {
			isa = PBXProject;
			attributes = {
				LastSwiftUpdateCheck = 1010;
				LastUpgradeCheck = 1010;
				ORGANIZATIONNAME = "Michael Gimara";
				TargetAttributes = {
					7DFEADF9225B9F18009FE5A1 = {
						CreatedOnToolsVersion = 10.1;
					};
				};
			};
			buildConfigurationList = 7DFEADF5225B9F18009FE5A1 /* Build configuration list for PBXProject "Todoey" */;
			compatibilityVersion = "Xcode 9.3";
			developmentRegion = en;
			hasScannedForEncodings = 0;
			knownRegions = (
				en,
				Base,
			);
			mainGroup = 7DFEADF1225B9F18009FE5A1;
			productRefGroup = 7DFEADFB225B9F18009FE5A1 /* Products */;
			projectDirPath = "";
			projectRoot = "";
			targets = (
				7DFEADF9225B9F18009FE5A1 /* Todoey */,
			);
		};
/* End PBXProject section */

/* Begin PBXResourcesBuildPhase section */
		7DFEADF8225B9F18009FE5A1 /* Resources */ = {
			isa = PBXResourcesBuildPhase;
			buildActionMask = 2147483647;
			files = (
				7DFEAE08225B9F1B009FE5A1 /* LaunchScreen.storyboard in Resources */,
				7DFEAE05225B9F1B009FE5A1 /* Assets.xcassets in Resources */,
				7DFEAE03225B9F18009FE5A1 /* Main.storyboard in Resources */,
			);
			runOnlyForDeploymentPostprocessing = 0;
		};
/* End PBXResourcesBuildPhase section */

/* Begin PBXShellScriptBuildPhase section */
		02640E938BF050D3D1C0FBF0 /* [CP] Check Pods Manifest.lock */ = {
			isa = PBXShellScriptBuildPhase;
			buildActionMask = 2147483647;
			files = (
			);
			inputFileListPaths = (
			);
			inputPaths = (
				"${PODS_PODFILE_DIR_PATH}/Podfile.lock",
				"${PODS_ROOT}/Manifest.lock",
			);
			name = "[CP] Check Pods Manifest.lock";
			outputFileListPaths = (
			);
			outputPaths = (
				"$(DERIVED_FILE_DIR)/Pods-Todoey-checkManifestLockResult.txt",
			);
			runOnlyForDeploymentPostprocessing = 0;
			shellPath = /bin/sh;
			shellScript = "diff \"${PODS_PODFILE_DIR_PATH}/Podfile.lock\" \"${PODS_ROOT}/Manifest.lock\" > /dev/null\nif [ $? != 0 ] ; then\n    # print error to STDERR\n    echo \"error: The sandbox is not in sync with the Podfile.lock. Run 'pod install' or update your CocoaPods installation.\" >&2\n    exit 1\nfi\n# This output is used by Xcode 'outputs' to avoid re-running this script phase.\necho \"SUCCESS\" > \"${SCRIPT_OUTPUT_FILE_0}\"\n";
			showEnvVarsInLog = 0;
		};
		866736A137E462CFD23F0D17 /* [CP] Embed Pods Frameworks */ = {
			isa = PBXShellScriptBuildPhase;
			buildActionMask = 2147483647;
			files = (
			);
			inputFileListPaths = (
			);
			inputPaths = (
				"${PODS_ROOT}/Target Support Files/Pods-Todoey/Pods-Todoey-frameworks.sh",
				"${BUILT_PRODUCTS_DIR}/Realm/Realm.framework",
				"${BUILT_PRODUCTS_DIR}/RealmSwift/RealmSwift.framework",
				"${BUILT_PRODUCTS_DIR}/SwipeCellKit/SwipeCellKit.framework",
			);
			name = "[CP] Embed Pods Frameworks";
			outputFileListPaths = (
			);
			outputPaths = (
				"${TARGET_BUILD_DIR}/${FRAMEWORKS_FOLDER_PATH}/Realm.framework",
				"${TARGET_BUILD_DIR}/${FRAMEWORKS_FOLDER_PATH}/RealmSwift.framework",
				"${TARGET_BUILD_DIR}/${FRAMEWORKS_FOLDER_PATH}/SwipeCellKit.framework",
			);
			runOnlyForDeploymentPostprocessing = 0;
			shellPath = /bin/sh;
			shellScript = "\"${PODS_ROOT}/Target Support Files/Pods-Todoey/Pods-Todoey-frameworks.sh\"\n";
			showEnvVarsInLog = 0;
		};
/* End PBXShellScriptBuildPhase section */

/* Begin PBXSourcesBuildPhase section */
		7DFEADF6225B9F18009FE5A1 /* Sources */ = {
			isa = PBXSourcesBuildPhase;
			buildActionMask = 2147483647;
			files = (
				7D137195226B12D9006CA762 /* Item.swift in Sources */,
				7DFEAE00225B9F18009FE5A1 /* TodoListTableViewController.swift in Sources */,
				7DFEADFE225B9F18009FE5A1 /* AppDelegate.swift in Sources */,
				7D684F5D226469C9003FCB4A /* CategoriesTableViewController.swift in Sources */,
				7D137199226B7494006CA762 /* SwipeTableViewController.swift in Sources */,
				7D137197226B12E4006CA762 /* Category.swift in Sources */,
			);
			runOnlyForDeploymentPostprocessing = 0;
		};
/* End PBXSourcesBuildPhase section */

/* Begin PBXVariantGroup section */
		7DFEAE01225B9F18009FE5A1 /* Main.storyboard */ = {
			isa = PBXVariantGroup;
			children = (
				7DFEAE02225B9F18009FE5A1 /* Base */,
			);
			name = Main.storyboard;
			sourceTree = "<group>";
		};
		7DFEAE06225B9F1B009FE5A1 /* LaunchScreen.storyboard */ = {
			isa = PBXVariantGroup;
			children = (
				7DFEAE07225B9F1B009FE5A1 /* Base */,
			);
			name = LaunchScreen.storyboard;
			sourceTree = "<group>";
		};
/* End PBXVariantGroup section */

/* Begin XCBuildConfiguration section */
		7DFEAE0A225B9F1B009FE5A1 /* Debug */ = {
			isa = XCBuildConfiguration;
			buildSettings = {
				ALWAYS_SEARCH_USER_PATHS = NO;
				CLANG_ANALYZER_NONNULL = YES;
				CLANG_ANALYZER_NUMBER_OBJECT_CONVERSION = YES_AGGRESSIVE;
				CLANG_CXX_LANGUAGE_STANDARD = "gnu++14";
				CLANG_CXX_LIBRARY = "libc++";
				CLANG_ENABLE_MODULES = YES;
				CLANG_ENABLE_OBJC_ARC = YES;
				CLANG_ENABLE_OBJC_WEAK = YES;
				CLANG_WARN_BLOCK_CAPTURE_AUTORELEASING = YES;
				CLANG_WARN_BOOL_CONVERSION = YES;
				CLANG_WARN_COMMA = YES;
				CLANG_WARN_CONSTANT_CONVERSION = YES;
				CLANG_WARN_DEPRECATED_OBJC_IMPLEMENTATIONS = YES;
				CLANG_WARN_DIRECT_OBJC_ISA_USAGE = YES_ERROR;
				CLANG_WARN_DOCUMENTATION_COMMENTS = YES;
				CLANG_WARN_EMPTY_BODY = YES;
				CLANG_WARN_ENUM_CONVERSION = YES;
				CLANG_WARN_INFINITE_RECURSION = YES;
				CLANG_WARN_INT_CONVERSION = YES;
				CLANG_WARN_NON_LITERAL_NULL_CONVERSION = YES;
				CLANG_WARN_OBJC_IMPLICIT_RETAIN_SELF = YES;
				CLANG_WARN_OBJC_LITERAL_CONVERSION = YES;
				CLANG_WARN_OBJC_ROOT_CLASS = YES_ERROR;
				CLANG_WARN_RANGE_LOOP_ANALYSIS = YES;
				CLANG_WARN_STRICT_PROTOTYPES = YES;
				CLANG_WARN_SUSPICIOUS_MOVE = YES;
				CLANG_WARN_UNGUARDED_AVAILABILITY = YES_AGGRESSIVE;
				CLANG_WARN_UNREACHABLE_CODE = YES;
				CLANG_WARN__DUPLICATE_METHOD_MATCH = YES;
				CODE_SIGN_IDENTITY = "iPhone Developer";
				COPY_PHASE_STRIP = NO;
				DEBUG_INFORMATION_FORMAT = dwarf;
				ENABLE_STRICT_OBJC_MSGSEND = YES;
				ENABLE_TESTABILITY = YES;
				GCC_C_LANGUAGE_STANDARD = gnu11;
				GCC_DYNAMIC_NO_PIC = NO;
				GCC_NO_COMMON_BLOCKS = YES;
				GCC_OPTIMIZATION_LEVEL = 0;
				GCC_PREPROCESSOR_DEFINITIONS = (
					"DEBUG=1",
					"$(inherited)",
				);
				GCC_WARN_64_TO_32_BIT_CONVERSION = YES;
				GCC_WARN_ABOUT_RETURN_TYPE = YES_ERROR;
				GCC_WARN_UNDECLARED_SELECTOR = YES;
				GCC_WARN_UNINITIALIZED_AUTOS = YES_AGGRESSIVE;
				GCC_WARN_UNUSED_FUNCTION = YES;
				GCC_WARN_UNUSED_VARIABLE = YES;
				IPHONEOS_DEPLOYMENT_TARGET = 12.1;
				MTL_ENABLE_DEBUG_INFO = INCLUDE_SOURCE;
				MTL_FAST_MATH = YES;
				ONLY_ACTIVE_ARCH = YES;
				SDKROOT = iphoneos;
				SWIFT_ACTIVE_COMPILATION_CONDITIONS = DEBUG;
				SWIFT_OPTIMIZATION_LEVEL = "-Onone";
			};
			name = Debug;
		};
		7DFEAE0B225B9F1B009FE5A1 /* Release */ = {
			isa = XCBuildConfiguration;
			buildSettings = {
				ALWAYS_SEARCH_USER_PATHS = NO;
				CLANG_ANALYZER_NONNULL = YES;
				CLANG_ANALYZER_NUMBER_OBJECT_CONVERSION = YES_AGGRESSIVE;
				CLANG_CXX_LANGUAGE_STANDARD = "gnu++14";
				CLANG_CXX_LIBRARY = "libc++";
				CLANG_ENABLE_MODULES = YES;
				CLANG_ENABLE_OBJC_ARC = YES;
				CLANG_ENABLE_OBJC_WEAK = YES;
				CLANG_WARN_BLOCK_CAPTURE_AUTORELEASING = YES;
				CLANG_WARN_BOOL_CONVERSION = YES;
				CLANG_WARN_COMMA = YES;
				CLANG_WARN_CONSTANT_CONVERSION = YES;
				CLANG_WARN_DEPRECATED_OBJC_IMPLEMENTATIONS = YES;
				CLANG_WARN_DIRECT_OBJC_ISA_USAGE = YES_ERROR;
				CLANG_WARN_DOCUMENTATION_COMMENTS = YES;
				CLANG_WARN_EMPTY_BODY = YES;
				CLANG_WARN_ENUM_CONVERSION = YES;
				CLANG_WARN_INFINITE_RECURSION = YES;
				CLANG_WARN_INT_CONVERSION = YES;
				CLANG_WARN_NON_LITERAL_NULL_CONVERSION = YES;
				CLANG_WARN_OBJC_IMPLICIT_RETAIN_SELF = YES;
				CLANG_WARN_OBJC_LITERAL_CONVERSION = YES;
				CLANG_WARN_OBJC_ROOT_CLASS = YES_ERROR;
				CLANG_WARN_RANGE_LOOP_ANALYSIS = YES;
				CLANG_WARN_STRICT_PROTOTYPES = YES;
				CLANG_WARN_SUSPICIOUS_MOVE = YES;
				CLANG_WARN_UNGUARDED_AVAILABILITY = YES_AGGRESSIVE;
				CLANG_WARN_UNREACHABLE_CODE = YES;
				CLANG_WARN__DUPLICATE_METHOD_MATCH = YES;
				CODE_SIGN_IDENTITY = "iPhone Developer";
				COPY_PHASE_STRIP = NO;
				DEBUG_INFORMATION_FORMAT = "dwarf-with-dsym";
				ENABLE_NS_ASSERTIONS = NO;
				ENABLE_STRICT_OBJC_MSGSEND = YES;
				GCC_C_LANGUAGE_STANDARD = gnu11;
				GCC_NO_COMMON_BLOCKS = YES;
				GCC_WARN_64_TO_32_BIT_CONVERSION = YES;
				GCC_WARN_ABOUT_RETURN_TYPE = YES_ERROR;
				GCC_WARN_UNDECLARED_SELECTOR = YES;
				GCC_WARN_UNINITIALIZED_AUTOS = YES_AGGRESSIVE;
				GCC_WARN_UNUSED_FUNCTION = YES;
				GCC_WARN_UNUSED_VARIABLE = YES;
				IPHONEOS_DEPLOYMENT_TARGET = 12.1;
				MTL_ENABLE_DEBUG_INFO = NO;
				MTL_FAST_MATH = YES;
				SDKROOT = iphoneos;
				SWIFT_COMPILATION_MODE = wholemodule;
				SWIFT_OPTIMIZATION_LEVEL = "-O";
				VALIDATE_PRODUCT = YES;
			};
			name = Release;
		};
		7DFEAE0D225B9F1B009FE5A1 /* Debug */ = {
			isa = XCBuildConfiguration;
			baseConfigurationReference = 02E67E5B17833D2C5B36E04C /* Pods-Todoey.debug.xcconfig */;
			buildSettings = {
				ASSETCATALOG_COMPILER_APPICON_NAME = AppIcon;
				CODE_SIGN_STYLE = Automatic;
				DEVELOPMENT_TEAM = K8B2JYH58X;
				INFOPLIST_FILE = Todoey/Info.plist;
				LD_RUNPATH_SEARCH_PATHS = (
					"$(inherited)",
					"@executable_path/Frameworks",
				);
				PRODUCT_BUNDLE_IDENTIFIER = b2dmiha.Todoey;
				PRODUCT_NAME = "$(TARGET_NAME)";
				SWIFT_VERSION = 4.2;
				TARGETED_DEVICE_FAMILY = "1,2";
			};
			name = Debug;
		};
		7DFEAE0E225B9F1B009FE5A1 /* Release */ = {
			isa = XCBuildConfiguration;
			baseConfigurationReference = 5F32428C42383602B2EE9974 /* Pods-Todoey.release.xcconfig */;
			buildSettings = {
				ASSETCATALOG_COMPILER_APPICON_NAME = AppIcon;
				CODE_SIGN_STYLE = Automatic;
				DEVELOPMENT_TEAM = K8B2JYH58X;
				INFOPLIST_FILE = Todoey/Info.plist;
				LD_RUNPATH_SEARCH_PATHS = (
					"$(inherited)",
					"@executable_path/Frameworks",
				);
				PRODUCT_BUNDLE_IDENTIFIER = b2dmiha.Todoey;
				PRODUCT_NAME = "$(TARGET_NAME)";
				SWIFT_VERSION = 4.2;
				TARGETED_DEVICE_FAMILY = "1,2";
			};
			name = Release;
		};
/* End XCBuildConfiguration section */

/* Begin XCConfigurationList section */
		7DFEADF5225B9F18009FE5A1 /* Build configuration list for PBXProject "Todoey" */ = {
			isa = XCConfigurationList;
			buildConfigurations = (
				7DFEAE0A225B9F1B009FE5A1 /* Debug */,
				7DFEAE0B225B9F1B009FE5A1 /* Release */,
			);
			defaultConfigurationIsVisible = 0;
			defaultConfigurationName = Release;
		};
		7DFEAE0C225B9F1B009FE5A1 /* Build configuration list for PBXNativeTarget "Todoey" */ = {
			isa = XCConfigurationList;
			buildConfigurations = (
				7DFEAE0D225B9F1B009FE5A1 /* Debug */,
				7DFEAE0E225B9F1B009FE5A1 /* Release */,
			);
			defaultConfigurationIsVisible = 0;
			defaultConfigurationName = Release;
		};
/* End XCConfigurationList section */
	};
	rootObject = 7DFEADF2225B9F18009FE5A1 /* Project object */;
}
